github.com/davecgh/go-spew v1.1.1 h1:vj9j/u1bqnvCEfJOwUhtlOARqs3+rkHYY13jYWTU97c=
github.com/devfullcycle/fcutils-secret v0.0.0-20221027133857-ba9b1434aac5 h1:aSx0qUKAue92XQMRh+Yxv3/fhHgHaXKoHRU6pcgI/Xs=
github.com/devfullcycle/fcutils-secret v0.0.0-20221027133857-ba9b1434aac5/go.mod h1:tiJ328pm49A5W4HTXM0ncW3bq61mgGJ8XugwihQ2eAU=
github.com/pmezard/go-difflib v1.0.0 h1:4DBwDE0NGyQoBHbLQYPwSUPoCMWR5BEzIk/f1lZbAQM=
github.com/stretchr/objx v0.5.0 h1:1zr/of2m5FGMsad5YfcqgdqdWrIhu+EBEJRhR1U7z/c=
github.com/stretchr/testify v1.8.1 h1:w7B6lhMri9wdJUVmEZPGGhZzrYTPvgJArz7wNPgYKsk=
gopkg.in/yaml.v3 v3.0.1 h1:fxVm/GzAzEWqLHuvctI91KS9hhNmmWOoWu0XTYJS7CA=
